
Microsoft Visual Studio Solution File, Format Version 12.00
# Visual Studio Version 16
VisualStudioVersion = 16.0.28803.452
MinimumVisualStudioVersion = 10.0.40219.1
Project("{9A19103F-16F7-4668-BE54-9A1E7A4F7556}") = "RecipeSavants.Microservices.Logging", "RecipeSavants.Microservices.Logging\RecipeSavants.Microservices.Logging.csproj", "{2C098297-B88D-4599-B247-A27FD45FDEC7}"
EndProject
Project("{9A19103F-16F7-4668-BE54-9A1E7A4F7556}") = "RecipeSavants.Microservices.Filters", "RecipeSavants.Microservices.Filters\RecipeSavants.Microservices.Filters.csproj", "{78567CDF-BC1D-4DC2-98CE-7FDA2772FE9D}"
EndProject
Project("{9A19103F-16F7-4668-BE54-9A1E7A4F7556}") = "RecipeSavants.Microservices.Caching", "RecipeSavants.Microservices.Caching\RecipeSavants.Microservices.Caching.csproj", "{FAE29614-84D9-4D38-926F-50249B40353F}"
EndProject
Project("{9A19103F-16F7-4668-BE54-9A1E7A4F7556}") = "RecipeSavants.Microservices.Utilities", "RecipeSavants.Microservices.Utilities\RecipeSavants.Microservices.Utilities.csproj", "{E24851D1-EF5F-41A4-8FC1-0DB7655D5656}"
EndProject
Project("{9A19103F-16F7-4668-BE54-9A1E7A4F7556}") = "RecipeSavants.Microservices.DocumentRepository", "RecipeSavants.Microservices.DocumentRepository\RecipeSavants.Microservices.DocumentRepository.csproj", "{5F70D19B-1B47-4879-B9D5-2710E32BC989}"
EndProject
Project("{FAE04EC0-301F-11D3-BF4B-00C04F79EFBC}") = "RecipeSavants.Microservices.GraphRepository", "RecipeSavants.Microservices.GraphRepository\RecipeSavants.Microservices.GraphRepository.csproj", "{D19A4F54-6E25-4187-8AB2-40B0510D1C90}"
EndProject
Project("{FAE04EC0-301F-11D3-BF4B-00C04F79EFBC}") = "Germlin.net", "Germlin.net\Germlin.net.csproj", "{BC334EEF-3E36-440A-AA52-517D6C698105}"
EndProject
Global
	GlobalSection(SolutionConfigurationPlatforms) = preSolution
		Debug|Any CPU = Debug|Any CPU
		Release|Any CPU = Release|Any CPU
	EndGlobalSection
	GlobalSection(ProjectConfigurationPlatforms) = postSolution
		{2C098297-B88D-4599-B247-A27FD45FDEC7}.Debug|Any CPU.ActiveCfg = Debug|Any CPU
		{2C098297-B88D-4599-B247-A27FD45FDEC7}.Debug|Any CPU.Build.0 = Debug|Any CPU
		{2C098297-B88D-4599-B247-A27FD45FDEC7}.Release|Any CPU.ActiveCfg = Release|Any CPU
		{2C098297-B88D-4599-B247-A27FD45FDEC7}.Release|Any CPU.Build.0 = Release|Any CPU
		{78567CDF-BC1D-4DC2-98CE-7FDA2772FE9D}.Debug|Any CPU.ActiveCfg = Debug|Any CPU
		{78567CDF-BC1D-4DC2-98CE-7FDA2772FE9D}.Debug|Any CPU.Build.0 = Debug|Any CPU
		{78567CDF-BC1D-4DC2-98CE-7FDA2772FE9D}.Release|Any CPU.ActiveCfg = Release|Any CPU
		{78567CDF-BC1D-4DC2-98CE-7FDA2772FE9D}.Release|Any CPU.Build.0 = Release|Any CPU
		{FAE29614-84D9-4D38-926F-50249B40353F}.Debug|Any CPU.ActiveCfg = Debug|Any CPU
		{FAE29614-84D9-4D38-926F-50249B40353F}.Debug|Any CPU.Build.0 = Debug|Any CPU
		{FAE29614-84D9-4D38-926F-50249B40353F}.Release|Any CPU.ActiveCfg = Release|Any CPU
		{FAE29614-84D9-4D38-926F-50249B40353F}.Release|Any CPU.Build.0 = Release|Any CPU
		{E24851D1-EF5F-41A4-8FC1-0DB7655D5656}.Debug|Any CPU.ActiveCfg = Debug|Any CPU
		{E24851D1-EF5F-41A4-8FC1-0DB7655D5656}.Debug|Any CPU.Build.0 = Debug|Any CPU
		{E24851D1-EF5F-41A4-8FC1-0DB7655D5656}.Release|Any CPU.ActiveCfg = Release|Any CPU
		{E24851D1-EF5F-41A4-8FC1-0DB7655D5656}.Release|Any CPU.Build.0 = Release|Any CPU
		{5F70D19B-1B47-4879-B9D5-2710E32BC989}.Debug|Any CPU.ActiveCfg = Debug|Any CPU
		{5F70D19B-1B47-4879-B9D5-2710E32BC989}.Debug|Any CPU.Build.0 = Debug|Any CPU
		{5F70D19B-1B47-4879-B9D5-2710E32BC989}.Release|Any CPU.ActiveCfg = Release|Any CPU
		{5F70D19B-1B47-4879-B9D5-2710E32BC989}.Release|Any CPU.Build.0 = Release|Any CPU
		{D19A4F54-6E25-4187-8AB2-40B0510D1C90}.Debug|Any CPU.ActiveCfg = Debug|Any CPU
		{D19A4F54-6E25-4187-8AB2-40B0510D1C90}.Debug|Any CPU.Build.0 = Debug|Any CPU
		{D19A4F54-6E25-4187-8AB2-40B0510D1C90}.Release|Any CPU.ActiveCfg = Release|Any CPU
		{D19A4F54-6E25-4187-8AB2-40B0510D1C90}.Release|Any CPU.Build.0 = Release|Any CPU
		{BC334EEF-3E36-440A-AA52-517D6C698105}.Debug|Any CPU.ActiveCfg = Debug|Any CPU
		{BC334EEF-3E36-440A-AA52-517D6C698105}.Debug|Any CPU.Build.0 = Debug|Any CPU
		{BC334EEF-3E36-440A-AA52-517D6C698105}.Release|Any CPU.ActiveCfg = Release|Any CPU
		{BC334EEF-3E36-440A-AA52-517D6C698105}.Release|Any CPU.Build.0 = Release|Any CPU
	EndGlobalSection
	GlobalSection(SolutionProperties) = preSolution
		HideSolutionNode = FALSE
	EndGlobalSection
	GlobalSection(ExtensibilityGlobals) = postSolution
		SolutionGuid = {2F15A9F7-7DB9-4215-96D9-5E775B0DD1B9}
	EndGlobalSection
EndGlobal
